{
    "version": 3,
    "terraform_version": "0.11.11",
    "serial": 2,
    "lineage": "395a0aca-3909-62db-3021-53d8e2cc8673",
    "modules": [
        {
            "path": [
                "root"
            ],
            "outputs": {},
            "resources": {
                "random_id.tf_bucket_id": {
                    "type": "random_id",
                    "depends_on": [],
                    "primary": {
                        "id": "hy0",
                        "attributes": {
                            "b64": "hy0",
                            "b64_std": "hy0=",
                            "b64_url": "hy0",
                            "byte_length": "2",
                            "dec": "34605",
                            "hex": "872d",
                            "id": "hy0"
                        },
                        "meta": {},
                        "tainted": false
                    },
                    "deposed": [],
                    "provider": "provider.random"
                }
            },
            "depends_on": []
        }
    ]
}
